
Microsoft Visual Studio Solution File, Format Version 12.00
# Visual Studio Version 16
VisualStudioVersion = 16.0.29025.244
MinimumVisualStudioVersion = 10.0.40219.1
Project("{FAE04EC0-301F-11D3-BF4B-00C04F79EFBC}") = "ManipulatingArrays", "ManipulatingArrays.csproj", "{CFF82EB8-3F0B-46E1-9C4C-6B59F7819CC2}"
EndProject
Global
	GlobalSection(SolutionConfigurationPlatforms) = preSolution
		Debug|Any CPU = Debug|Any CPU
		Release|Any CPU = Release|Any CPU
	EndGlobalSection
	GlobalSection(ProjectConfigurationPlatforms) = postSolution
		{CFF82EB8-3F0B-46E1-9C4C-6B59F7819CC2}.Debug|Any CPU.ActiveCfg = Debug|Any CPU
		{CFF82EB8-3F0B-46E1-9C4C-6B59F7819CC2}.Debug|Any CPU.Build.0 = Debug|Any CPU
		{CFF82EB8-3F0B-46E1-9C4C-6B59F7819CC2}.Release|Any CPU.ActiveCfg = Release|Any CPU
		{CFF82EB8-3F0B-46E1-9C4C-6B59F7819CC2}.Release|Any CPU.Build.0 = Release|Any CPU
	EndGlobalSection
	GlobalSection(SolutionProperties) = preSolution
		HideSolutionNode = FALSE
	EndGlobalSection
	GlobalSection(ExtensibilityGlobals) = postSolution
		SolutionGuid = {345F98C3-E9E9-4E23-A806-B4686FCA6BFC}
	EndGlobalSection
EndGlobal
